{
  "lockfile-version": 1,
  "manifest": {
    "schema-version": "1.15.0",
    "install": {
      "dotnet-sdk": {
        "pkg-path": "dotnetCorePackages.sdk_8_0_4xx-bin",
        "version": "8.0.424"
      }
    },
    "options": {}
  },
  "packages": [
    {
      "attr_path": "dotnetCorePackages.sdk_8_0_4xx-bin",
      "broken": false,
      "derivation": "/nix/store/l4wi9vhvrigp1s2wfpid0qh0g00fqh17-dotnet-sdk-wrapped-8.0.424.drv",
      "description": ".NET SDK 8.0.424 (wrapper)",
      "install_id": "dotnet-sdk",
      "license": "MIT",
      "locked_url": "https://github.com/flox/nixpkgs?rev=b1b875982b17dabde9b4a37f3e229e74913e6db3",
      "name": "dotnet-sdk-wrapped-8.0.424",
      "pname": "sdk_8_0_4xx-bin",
      "rev": "b1b875982b17dabde9b4a37f3e229e74913e6db3",
      "rev_count": 1074753,
      "rev_date": "2026-09-16T08:07:56Z",
      "scrape_date": "2026-09-17T05:03:20.212604Z",
      "stabilities": [
        "unstable",
        "staging"
      ],
      "unfree": false,
      "version": "8.0.424",
      "outputs_to_install": [
        "out"
      ],
      "outputs": {
        "out": "/nix/store/qa1jwwjw24cj8vlfrdxidz6ya81wz768-dotnet-sdk-wrapped-8.0.424"
      },
      "system": "aarch64-darwin",
      "group": "toplevel",
      "priority": 5
    },
    {
      "attr_path": "dotnetCorePackages.sdk_8_0_4xx-bin",
      "broken": false,
      "derivation": "/nix/store/gbp8h3r2k2pish52smrv20qb6f8swf0p-dotnet-sdk-wrapped-8.0.424.drv",
      "description": ".NET SDK 8.0.424 (wrapper)",
      "install_id": "dotnet-sdk",
      "license": "MIT",
      "locked_url": "https://github.com/flox/nixpkgs?rev=b1b875982b17dabde9b4a37f3e229e74913e6db3",
      "name": "dotnet-sdk-wrapped-8.0.424",
      "pname": "sdk_8_0_4xx-bin",
      "rev": "b1b875982b17dabde9b4a37f3e229e74913e6db3",
      "rev_count": 1074753,
      "rev_date": "2026-09-16T08:07:56Z",
      "scrape_date": "2026-09-17T05:40:23.857333Z",
      "stabilities": [
        "unstable",
        "staging"
      ],
      "unfree": false,
      "version": "8.0.424",
      "outputs_to_install": [
        "out"
      ],
      "outputs": {
        "out": "/nix/store/iq17dmbgawbc4xi140s15445yd7rinl2-dotnet-sdk-wrapped-8.0.424"
      },
      "system": "aarch64-linux",
      "group": "toplevel",
      "priority": 5
    },
    {
      "attr_path": "dotnetCorePackages.sdk_8_0_4xx-bin",
      "broken": false,
      "derivation": "/nix/store/n152yr0hxc8s5k2g1jmvy3ifn0mbfq9a-dotnet-sdk-wrapped-8.0.424.drv",
      "description": ".NET SDK 8.0.424 (wrapper)",
      "install_id": "dotnet-sdk",
      "license": "MIT",
      "locked_url": "https://github.com/flox/nixpkgs?rev=b1b875982b17dabde9b4a37f3e229e74913e6db3",
      "name": "dotnet-sdk-wrapped-8.0.424",
      "pname": "sdk_8_0_4xx-bin",
      "rev": "b1b875982b17dabde9b4a37f3e229e74913e6db3",
      "rev_count": 1074753,
      "rev_date": "2026-09-16T08:07:56Z",
      "scrape_date": "2026-09-17T06:22:02.247711Z",
      "stabilities": [
        "unstable",
        "staging"
      ],
      "unfree": false,
      "version": "8.0.424",
      "outputs_to_install": [
        "out"
      ],
      "outputs": {
        "out": "/nix/store/h8ywa9g62wvr9gdaj7p8h74lpnh0wz5l-dotnet-sdk-wrapped-8.0.424"
      },
      "system": "x86_64-linux",
      "group": "toplevel",
      "priority": 5
    }
  ]
}
